
Microsoft Visual Studio Solution File, Format Version 12.00
# Visual Studio 14
VisualStudioVersion = 14.0.25420.1
MinimumVisualStudioVersion = 10.0.40219.1
Project("{FAE04EC0-301F-11D3-BF4B-00C04F79EFBC}") = "CabinetAPI", "CabinetAPI\CabinetAPI.csproj", "{3927C5F6-0034-4520-9FC0-BAB8F363C3E3}"
EndProject
Project("{FAE04EC0-301F-11D3-BF4B-00C04F79EFBC}") = "CabinetData", "CabinetData\CabinetData.csproj", "{AA3B800D-4B00-4730-A02E-7B7E532D6857}"
EndProject
Project("{FAE04EC0-301F-11D3-BF4B-00C04F79EFBC}") = "CabinetUtility", "CabinetUtility\CabinetUtility.csproj", "{020A4BA5-AC6C-400A-92CE-1A4C8F15449F}"
EndProject
Project("{FAE04EC0-301F-11D3-BF4B-00C04F79EFBC}") = "CabinetAPI.Test", "CabinetAPI.Test\CabinetAPI.Test.csproj", "{C072AEE7-9C2E-4ECC-B03E-5E7487E8491D}"
EndProject
Project("{FAE04EC0-301F-11D3-BF4B-00C04F79EFBC}") = "AndroidTest", "AndroidTest\AndroidTest.csproj", "{4A1F0ED0-F6C5-4CDA-BEDD-8E15FD36EF3F}"
EndProject
Project("{FAE04EC0-301F-11D3-BF4B-00C04F79EFBC}") = "CabinetService", "CabinetService\CabinetService.csproj", "{07EAB03D-AA67-454B-BFD8-129079E51F0E}"
EndProject
Global
	GlobalSection(SolutionConfigurationPlatforms) = preSolution
		Debug|Any CPU = Debug|Any CPU
		Release|Any CPU = Release|Any CPU
	EndGlobalSection
	GlobalSection(ProjectConfigurationPlatforms) = postSolution
		{3927C5F6-0034-4520-9FC0-BAB8F363C3E3}.Debug|Any CPU.ActiveCfg = Debug|Any CPU
		{3927C5F6-0034-4520-9FC0-BAB8F363C3E3}.Debug|Any CPU.Build.0 = Debug|Any CPU
		{3927C5F6-0034-4520-9FC0-BAB8F363C3E3}.Release|Any CPU.ActiveCfg = Release|Any CPU
		{3927C5F6-0034-4520-9FC0-BAB8F363C3E3}.Release|Any CPU.Build.0 = Release|Any CPU
		{AA3B800D-4B00-4730-A02E-7B7E532D6857}.Debug|Any CPU.ActiveCfg = Debug|Any CPU
		{AA3B800D-4B00-4730-A02E-7B7E532D6857}.Debug|Any CPU.Build.0 = Debug|Any CPU
		{AA3B800D-4B00-4730-A02E-7B7E532D6857}.Release|Any CPU.ActiveCfg = Release|Any CPU
		{AA3B800D-4B00-4730-A02E-7B7E532D6857}.Release|Any CPU.Build.0 = Release|Any CPU
		{020A4BA5-AC6C-400A-92CE-1A4C8F15449F}.Debug|Any CPU.ActiveCfg = Debug|Any CPU
		{020A4BA5-AC6C-400A-92CE-1A4C8F15449F}.Debug|Any CPU.Build.0 = Debug|Any CPU
		{020A4BA5-AC6C-400A-92CE-1A4C8F15449F}.Release|Any CPU.ActiveCfg = Release|Any CPU
		{020A4BA5-AC6C-400A-92CE-1A4C8F15449F}.Release|Any CPU.Build.0 = Release|Any CPU
		{C072AEE7-9C2E-4ECC-B03E-5E7487E8491D}.Debug|Any CPU.ActiveCfg = Debug|Any CPU
		{C072AEE7-9C2E-4ECC-B03E-5E7487E8491D}.Debug|Any CPU.Build.0 = Debug|Any CPU
		{C072AEE7-9C2E-4ECC-B03E-5E7487E8491D}.Release|Any CPU.ActiveCfg = Release|Any CPU
		{C072AEE7-9C2E-4ECC-B03E-5E7487E8491D}.Release|Any CPU.Build.0 = Release|Any CPU
		{4A1F0ED0-F6C5-4CDA-BEDD-8E15FD36EF3F}.Debug|Any CPU.ActiveCfg = Debug|Any CPU
		{4A1F0ED0-F6C5-4CDA-BEDD-8E15FD36EF3F}.Debug|Any CPU.Build.0 = Debug|Any CPU
		{4A1F0ED0-F6C5-4CDA-BEDD-8E15FD36EF3F}.Release|Any CPU.ActiveCfg = Release|Any CPU
		{4A1F0ED0-F6C5-4CDA-BEDD-8E15FD36EF3F}.Release|Any CPU.Build.0 = Release|Any CPU
		{07EAB03D-AA67-454B-BFD8-129079E51F0E}.Debug|Any CPU.ActiveCfg = Debug|Any CPU
		{07EAB03D-AA67-454B-BFD8-129079E51F0E}.Debug|Any CPU.Build.0 = Debug|Any CPU
		{07EAB03D-AA67-454B-BFD8-129079E51F0E}.Release|Any CPU.ActiveCfg = Release|Any CPU
		{07EAB03D-AA67-454B-BFD8-129079E51F0E}.Release|Any CPU.Build.0 = Release|Any CPU
	EndGlobalSection
	GlobalSection(SolutionProperties) = preSolution
		HideSolutionNode = FALSE
	EndGlobalSection
EndGlobal
